
Microsoft Visual Studio Solution File, Format Version 12.00
# Visual Studio 2013
VisualStudioVersion = 12.0.31101.0
MinimumVisualStudioVersion = 10.0.40219.1
Project("{FAE04EC0-301F-11D3-BF4B-00C04F79EFBC}") = "Lixr", "Lixr.csproj", "{C07E56ED-6378-44B8-B9C6-7EBA96420E43}"
EndProject
Global
	GlobalSection(SolutionConfigurationPlatforms) = preSolution
		Debug|Any CPU = Debug|Any CPU
		Release|Any CPU = Release|Any CPU
	EndGlobalSection
	GlobalSection(ProjectConfigurationPlatforms) = postSolution
		{C07E56ED-6378-44B8-B9C6-7EBA96420E43}.Debug|Any CPU.ActiveCfg = Debug|Any CPU
		{C07E56ED-6378-44B8-B9C6-7EBA96420E43}.Debug|Any CPU.Build.0 = Debug|Any CPU
		{C07E56ED-6378-44B8-B9C6-7EBA96420E43}.Release|Any CPU.ActiveCfg = Release|Any CPU
		{C07E56ED-6378-44B8-B9C6-7EBA96420E43}.Release|Any CPU.Build.0 = Release|Any CPU
	EndGlobalSection
	GlobalSection(SolutionProperties) = preSolution
		HideSolutionNode = FALSE
	EndGlobalSection
EndGlobal
